PODS:
  - JXUIKit (0.1.0):
    - SDWebImage (= 5.8.3)
  - SDWebImage (5.8.3):
    - SDWebImage/Core (= 5.8.3)
  - SDWebImage/Core (5.8.3)

DEPENDENCIES:
  - JXUIKit (from `../`)

SPEC REPOS:
  trunk:
    - SDWebImage

EXTERNAL SOURCES:
  JXUIKit:
    :path: "../"

SPEC CHECKSUMS:
  JXUIKit: 10085d4c483c5e5e23b051210faf79d5193c1286
  SDWebImage: 112503ec94a5a2a41869503844a15e8d8f1ead5c

PODFILE CHECKSUM: d7b034c32f2d5fd394536191adab6d8b288cd5e2

COCOAPODS: 1.10.1
